
Microsoft Visual Studio Solution File, Format Version 12.00
# Visual Studio Version 17
VisualStudioVersion = 17.5.002.0
MinimumVisualStudioVersion = 10.0.40219.1
Project("{2150E333-8FDC-42A3-9474-1A3956D46DE8}") = "src", "src", "{691EE8EE-91A8-4508-9086-B54E02AE7E5E}"
EndProject
Project("{9A19103F-16F7-4668-BE54-9A1E7A4F7556}") = "Book.Domain", "src\Book.Domain\Book.Domain.csproj", "{A8FF8DDC-6CC6-4392-87C0-A453F6B8DC52}"
EndProject
Project("{9A19103F-16F7-4668-BE54-9A1E7A4F7556}") = "Core.Domain", "src\Core.Domain\Core.Domain.csproj", "{D32B7A61-2A26-4155-9B8A-19C9D4ACE054}"
EndProject
Project("{9A19103F-16F7-4668-BE54-9A1E7A4F7556}") = "Core.Api", "src\Core.Api\Core.Api.csproj", "{C8F9EBDF-66A4-4D1F-8C42-E94E2A68C446}"
EndProject
Project("{9A19103F-16F7-4668-BE54-9A1E7A4F7556}") = "Account.Data", "src\Account.Data\Account.Data.csproj", "{0FFDA09A-A257-421F-8CC9-DAAA6D80FDF8}"
EndProject
Project("{9A19103F-16F7-4668-BE54-9A1E7A4F7556}") = "Account.App", "src\Account.App\Account.App.csproj", "{CE74A041-66E7-49BD-A209-350E00C7A690}"
EndProject
Project("{9A19103F-16F7-4668-BE54-9A1E7A4F7556}") = "Book.Data", "src\Book.Data\Book.Data.csproj", "{8E8A4029-4BF2-4ECE-8EBA-B7E01439F440}"
EndProject
Project("{9A19103F-16F7-4668-BE54-9A1E7A4F7556}") = "Account.Api", "src\Account.Api\Account.Api.csproj", "{CD0A0046-039C-4D0D-96FC-C009B7F1A5AE}"
EndProject
Project("{9A19103F-16F7-4668-BE54-9A1E7A4F7556}") = "Account.Domain", "src\Account.Domain\Account.Domain.csproj", "{94733F5B-5A5D-44F1-9690-8FFDAAEEC702}"
EndProject
Project("{9A19103F-16F7-4668-BE54-9A1E7A4F7556}") = "Book.App", "src\Book.App\Book.App.csproj", "{675AE886-025B-492B-BB33-9CA3311CC115}"
EndProject
Project("{9A19103F-16F7-4668-BE54-9A1E7A4F7556}") = "Book.Api", "src\Book.Api\Book.Api.csproj", "{8E631522-E05F-40CC-9DA8-D0903F12CE90}"
EndProject
Project("{9A19103F-16F7-4668-BE54-9A1E7A4F7556}") = "Core.Data", "src\Core.Data\Core.Data.csproj", "{8293675C-E950-4930-9910-B4EE9E10A2B7}"
EndProject
Global
	GlobalSection(SolutionConfigurationPlatforms) = preSolution
		Debug|Any CPU = Debug|Any CPU
		Release|Any CPU = Release|Any CPU
	EndGlobalSection
	GlobalSection(ProjectConfigurationPlatforms) = postSolution
		{A8FF8DDC-6CC6-4392-87C0-A453F6B8DC52}.Debug|Any CPU.ActiveCfg = Debug|Any CPU
		{A8FF8DDC-6CC6-4392-87C0-A453F6B8DC52}.Debug|Any CPU.Build.0 = Debug|Any CPU
		{A8FF8DDC-6CC6-4392-87C0-A453F6B8DC52}.Release|Any CPU.ActiveCfg = Release|Any CPU
		{A8FF8DDC-6CC6-4392-87C0-A453F6B8DC52}.Release|Any CPU.Build.0 = Release|Any CPU
		{D32B7A61-2A26-4155-9B8A-19C9D4ACE054}.Debug|Any CPU.ActiveCfg = Debug|Any CPU
		{D32B7A61-2A26-4155-9B8A-19C9D4ACE054}.Debug|Any CPU.Build.0 = Debug|Any CPU
		{D32B7A61-2A26-4155-9B8A-19C9D4ACE054}.Release|Any CPU.ActiveCfg = Release|Any CPU
		{D32B7A61-2A26-4155-9B8A-19C9D4ACE054}.Release|Any CPU.Build.0 = Release|Any CPU
		{C8F9EBDF-66A4-4D1F-8C42-E94E2A68C446}.Debug|Any CPU.ActiveCfg = Debug|Any CPU
		{C8F9EBDF-66A4-4D1F-8C42-E94E2A68C446}.Debug|Any CPU.Build.0 = Debug|Any CPU
		{C8F9EBDF-66A4-4D1F-8C42-E94E2A68C446}.Release|Any CPU.ActiveCfg = Release|Any CPU
		{C8F9EBDF-66A4-4D1F-8C42-E94E2A68C446}.Release|Any CPU.Build.0 = Release|Any CPU
		{0FFDA09A-A257-421F-8CC9-DAAA6D80FDF8}.Debug|Any CPU.ActiveCfg = Debug|Any CPU
		{0FFDA09A-A257-421F-8CC9-DAAA6D80FDF8}.Debug|Any CPU.Build.0 = Debug|Any CPU
		{0FFDA09A-A257-421F-8CC9-DAAA6D80FDF8}.Release|Any CPU.ActiveCfg = Release|Any CPU
		{0FFDA09A-A257-421F-8CC9-DAAA6D80FDF8}.Release|Any CPU.Build.0 = Release|Any CPU
		{CE74A041-66E7-49BD-A209-350E00C7A690}.Debug|Any CPU.ActiveCfg = Debug|Any CPU
		{CE74A041-66E7-49BD-A209-350E00C7A690}.Debug|Any CPU.Build.0 = Debug|Any CPU
		{CE74A041-66E7-49BD-A209-350E00C7A690}.Release|Any CPU.ActiveCfg = Release|Any CPU
		{CE74A041-66E7-49BD-A209-350E00C7A690}.Release|Any CPU.Build.0 = Release|Any CPU
		{8E8A4029-4BF2-4ECE-8EBA-B7E01439F440}.Debug|Any CPU.ActiveCfg = Debug|Any CPU
		{8E8A4029-4BF2-4ECE-8EBA-B7E01439F440}.Debug|Any CPU.Build.0 = Debug|Any CPU
		{8E8A4029-4BF2-4ECE-8EBA-B7E01439F440}.Release|Any CPU.ActiveCfg = Release|Any CPU
		{8E8A4029-4BF2-4ECE-8EBA-B7E01439F440}.Release|Any CPU.Build.0 = Release|Any CPU
		{CD0A0046-039C-4D0D-96FC-C009B7F1A5AE}.Debug|Any CPU.ActiveCfg = Debug|Any CPU
		{CD0A0046-039C-4D0D-96FC-C009B7F1A5AE}.Debug|Any CPU.Build.0 = Debug|Any CPU
		{CD0A0046-039C-4D0D-96FC-C009B7F1A5AE}.Release|Any CPU.ActiveCfg = Release|Any CPU
		{CD0A0046-039C-4D0D-96FC-C009B7F1A5AE}.Release|Any CPU.Build.0 = Release|Any CPU
		{94733F5B-5A5D-44F1-9690-8FFDAAEEC702}.Debug|Any CPU.ActiveCfg = Debug|Any CPU
		{94733F5B-5A5D-44F1-9690-8FFDAAEEC702}.Debug|Any CPU.Build.0 = Debug|Any CPU
		{94733F5B-5A5D-44F1-9690-8FFDAAEEC702}.Release|Any CPU.ActiveCfg = Release|Any CPU
		{94733F5B-5A5D-44F1-9690-8FFDAAEEC702}.Release|Any CPU.Build.0 = Release|Any CPU
		{675AE886-025B-492B-BB33-9CA3311CC115}.Debug|Any CPU.ActiveCfg = Debug|Any CPU
		{675AE886-025B-492B-BB33-9CA3311CC115}.Debug|Any CPU.Build.0 = Debug|Any CPU
		{675AE886-025B-492B-BB33-9CA3311CC115}.Release|Any CPU.ActiveCfg = Release|Any CPU
		{675AE886-025B-492B-BB33-9CA3311CC115}.Release|Any CPU.Build.0 = Release|Any CPU
		{8E631522-E05F-40CC-9DA8-D0903F12CE90}.Debug|Any CPU.ActiveCfg = Debug|Any CPU
		{8E631522-E05F-40CC-9DA8-D0903F12CE90}.Debug|Any CPU.Build.0 = Debug|Any CPU
		{8E631522-E05F-40CC-9DA8-D0903F12CE90}.Release|Any CPU.ActiveCfg = Release|Any CPU
		{8E631522-E05F-40CC-9DA8-D0903F12CE90}.Release|Any CPU.Build.0 = Release|Any CPU
		{8293675C-E950-4930-9910-B4EE9E10A2B7}.Debug|Any CPU.ActiveCfg = Debug|Any CPU
		{8293675C-E950-4930-9910-B4EE9E10A2B7}.Debug|Any CPU.Build.0 = Debug|Any CPU
		{8293675C-E950-4930-9910-B4EE9E10A2B7}.Release|Any CPU.ActiveCfg = Release|Any CPU
		{8293675C-E950-4930-9910-B4EE9E10A2B7}.Release|Any CPU.Build.0 = Release|Any CPU
	EndGlobalSection
	GlobalSection(SolutionProperties) = preSolution
		HideSolutionNode = FALSE
	EndGlobalSection
	GlobalSection(NestedProjects) = preSolution
		{A8FF8DDC-6CC6-4392-87C0-A453F6B8DC52} = {691EE8EE-91A8-4508-9086-B54E02AE7E5E}
		{D32B7A61-2A26-4155-9B8A-19C9D4ACE054} = {691EE8EE-91A8-4508-9086-B54E02AE7E5E}
		{C8F9EBDF-66A4-4D1F-8C42-E94E2A68C446} = {691EE8EE-91A8-4508-9086-B54E02AE7E5E}
		{0FFDA09A-A257-421F-8CC9-DAAA6D80FDF8} = {691EE8EE-91A8-4508-9086-B54E02AE7E5E}
		{CE74A041-66E7-49BD-A209-350E00C7A690} = {691EE8EE-91A8-4508-9086-B54E02AE7E5E}
		{8E8A4029-4BF2-4ECE-8EBA-B7E01439F440} = {691EE8EE-91A8-4508-9086-B54E02AE7E5E}
		{CD0A0046-039C-4D0D-96FC-C009B7F1A5AE} = {691EE8EE-91A8-4508-9086-B54E02AE7E5E}
		{94733F5B-5A5D-44F1-9690-8FFDAAEEC702} = {691EE8EE-91A8-4508-9086-B54E02AE7E5E}
		{675AE886-025B-492B-BB33-9CA3311CC115} = {691EE8EE-91A8-4508-9086-B54E02AE7E5E}
		{8E631522-E05F-40CC-9DA8-D0903F12CE90} = {691EE8EE-91A8-4508-9086-B54E02AE7E5E}
		{8293675C-E950-4930-9910-B4EE9E10A2B7} = {691EE8EE-91A8-4508-9086-B54E02AE7E5E}
	EndGlobalSection
	GlobalSection(ExtensibilityGlobals) = postSolution
		SolutionGuid = {D473A2A1-DF74-4223-994F-EC37BD5A1F1E}
	EndGlobalSection
EndGlobal
