
Microsoft Visual Studio Solution File, Format Version 12.00
# Visual Studio Version 17
VisualStudioVersion = 17.5.002.0
MinimumVisualStudioVersion = 10.0.40219.1
Project("{2150E333-8FDC-42A3-9474-1A3956D46DE8}") = "src", "src", "{F03B3811-CF1B-4592-A08C-4A4B9E0F5CFE}"
EndProject
Project("{9A19103F-16F7-4668-BE54-9A1E7A4F7556}") = "Book.Domain", "src\Book.Domain\Book.Domain.csproj", "{BA7327B9-ADE2-4269-AA4D-0BEECC990597}"
EndProject
Project("{9A19103F-16F7-4668-BE54-9A1E7A4F7556}") = "Core.Domain", "src\Core.Domain\Core.Domain.csproj", "{B4052664-BEBE-4C0A-B1AE-DE59E11FD369}"
EndProject
Project("{9A19103F-16F7-4668-BE54-9A1E7A4F7556}") = "Core.Api", "src\Core.Api\Core.Api.csproj", "{79183FF2-A700-48A5-86E9-D7C997B84E1C}"
EndProject
Project("{9A19103F-16F7-4668-BE54-9A1E7A4F7556}") = "Account.Data", "src\Account.Data\Account.Data.csproj", "{CA094751-806B-4FBF-B12E-7FF0D63BEF2A}"
EndProject
Project("{9A19103F-16F7-4668-BE54-9A1E7A4F7556}") = "Book.Data", "src\Book.Data\Book.Data.csproj", "{265D1044-D7B7-46AB-ADED-92252AC39697}"
EndProject
Project("{9A19103F-16F7-4668-BE54-9A1E7A4F7556}") = "Account.Api", "src\Account.Api\Account.Api.csproj", "{74045605-CCE5-4EDF-B02F-648FEBAC870A}"
EndProject
Project("{9A19103F-16F7-4668-BE54-9A1E7A4F7556}") = "Account.Domain", "src\Account.Domain\Account.Domain.csproj", "{A79811A4-9003-45CA-A2E2-59AF6DE35A9A}"
EndProject
Project("{9A19103F-16F7-4668-BE54-9A1E7A4F7556}") = "Book.Api", "src\Book.Api\Book.Api.csproj", "{FD52DAE7-00AC-49D3-A858-C2983282FD48}"
EndProject
Project("{9A19103F-16F7-4668-BE54-9A1E7A4F7556}") = "Core.Data", "src\Core.Data\Core.Data.csproj", "{76658379-3AC3-48E4-A140-32BDC18C87C4}"
EndProject
Global
	GlobalSection(SolutionConfigurationPlatforms) = preSolution
		Debug|Any CPU = Debug|Any CPU
		Release|Any CPU = Release|Any CPU
	EndGlobalSection
	GlobalSection(ProjectConfigurationPlatforms) = postSolution
		{BA7327B9-ADE2-4269-AA4D-0BEECC990597}.Debug|Any CPU.ActiveCfg = Debug|Any CPU
		{BA7327B9-ADE2-4269-AA4D-0BEECC990597}.Debug|Any CPU.Build.0 = Debug|Any CPU
		{BA7327B9-ADE2-4269-AA4D-0BEECC990597}.Release|Any CPU.ActiveCfg = Release|Any CPU
		{BA7327B9-ADE2-4269-AA4D-0BEECC990597}.Release|Any CPU.Build.0 = Release|Any CPU
		{B4052664-BEBE-4C0A-B1AE-DE59E11FD369}.Debug|Any CPU.ActiveCfg = Debug|Any CPU
		{B4052664-BEBE-4C0A-B1AE-DE59E11FD369}.Debug|Any CPU.Build.0 = Debug|Any CPU
		{B4052664-BEBE-4C0A-B1AE-DE59E11FD369}.Release|Any CPU.ActiveCfg = Release|Any CPU
		{B4052664-BEBE-4C0A-B1AE-DE59E11FD369}.Release|Any CPU.Build.0 = Release|Any CPU
		{79183FF2-A700-48A5-86E9-D7C997B84E1C}.Debug|Any CPU.ActiveCfg = Debug|Any CPU
		{79183FF2-A700-48A5-86E9-D7C997B84E1C}.Debug|Any CPU.Build.0 = Debug|Any CPU
		{79183FF2-A700-48A5-86E9-D7C997B84E1C}.Release|Any CPU.ActiveCfg = Release|Any CPU
		{79183FF2-A700-48A5-86E9-D7C997B84E1C}.Release|Any CPU.Build.0 = Release|Any CPU
		{CA094751-806B-4FBF-B12E-7FF0D63BEF2A}.Debug|Any CPU.ActiveCfg = Debug|Any CPU
		{CA094751-806B-4FBF-B12E-7FF0D63BEF2A}.Debug|Any CPU.Build.0 = Debug|Any CPU
		{CA094751-806B-4FBF-B12E-7FF0D63BEF2A}.Release|Any CPU.ActiveCfg = Release|Any CPU
		{CA094751-806B-4FBF-B12E-7FF0D63BEF2A}.Release|Any CPU.Build.0 = Release|Any CPU
		{265D1044-D7B7-46AB-ADED-92252AC39697}.Debug|Any CPU.ActiveCfg = Debug|Any CPU
		{265D1044-D7B7-46AB-ADED-92252AC39697}.Debug|Any CPU.Build.0 = Debug|Any CPU
		{265D1044-D7B7-46AB-ADED-92252AC39697}.Release|Any CPU.ActiveCfg = Release|Any CPU
		{265D1044-D7B7-46AB-ADED-92252AC39697}.Release|Any CPU.Build.0 = Release|Any CPU
		{74045605-CCE5-4EDF-B02F-648FEBAC870A}.Debug|Any CPU.ActiveCfg = Debug|Any CPU
		{74045605-CCE5-4EDF-B02F-648FEBAC870A}.Debug|Any CPU.Build.0 = Debug|Any CPU
		{74045605-CCE5-4EDF-B02F-648FEBAC870A}.Release|Any CPU.ActiveCfg = Release|Any CPU
		{74045605-CCE5-4EDF-B02F-648FEBAC870A}.Release|Any CPU.Build.0 = Release|Any CPU
		{A79811A4-9003-45CA-A2E2-59AF6DE35A9A}.Debug|Any CPU.ActiveCfg = Debug|Any CPU
		{A79811A4-9003-45CA-A2E2-59AF6DE35A9A}.Debug|Any CPU.Build.0 = Debug|Any CPU
		{A79811A4-9003-45CA-A2E2-59AF6DE35A9A}.Release|Any CPU.ActiveCfg = Release|Any CPU
		{A79811A4-9003-45CA-A2E2-59AF6DE35A9A}.Release|Any CPU.Build.0 = Release|Any CPU
		{FD52DAE7-00AC-49D3-A858-C2983282FD48}.Debug|Any CPU.ActiveCfg = Debug|Any CPU
		{FD52DAE7-00AC-49D3-A858-C2983282FD48}.Debug|Any CPU.Build.0 = Debug|Any CPU
		{FD52DAE7-00AC-49D3-A858-C2983282FD48}.Release|Any CPU.ActiveCfg = Release|Any CPU
		{FD52DAE7-00AC-49D3-A858-C2983282FD48}.Release|Any CPU.Build.0 = Release|Any CPU
		{76658379-3AC3-48E4-A140-32BDC18C87C4}.Debug|Any CPU.ActiveCfg = Debug|Any CPU
		{76658379-3AC3-48E4-A140-32BDC18C87C4}.Debug|Any CPU.Build.0 = Debug|Any CPU
		{76658379-3AC3-48E4-A140-32BDC18C87C4}.Release|Any CPU.ActiveCfg = Release|Any CPU
		{76658379-3AC3-48E4-A140-32BDC18C87C4}.Release|Any CPU.Build.0 = Release|Any CPU
	EndGlobalSection
	GlobalSection(SolutionProperties) = preSolution
		HideSolutionNode = FALSE
	EndGlobalSection
	GlobalSection(NestedProjects) = preSolution
		{BA7327B9-ADE2-4269-AA4D-0BEECC990597} = {F03B3811-CF1B-4592-A08C-4A4B9E0F5CFE}
		{B4052664-BEBE-4C0A-B1AE-DE59E11FD369} = {F03B3811-CF1B-4592-A08C-4A4B9E0F5CFE}
		{79183FF2-A700-48A5-86E9-D7C997B84E1C} = {F03B3811-CF1B-4592-A08C-4A4B9E0F5CFE}
		{CA094751-806B-4FBF-B12E-7FF0D63BEF2A} = {F03B3811-CF1B-4592-A08C-4A4B9E0F5CFE}
		{265D1044-D7B7-46AB-ADED-92252AC39697} = {F03B3811-CF1B-4592-A08C-4A4B9E0F5CFE}
		{74045605-CCE5-4EDF-B02F-648FEBAC870A} = {F03B3811-CF1B-4592-A08C-4A4B9E0F5CFE}
		{A79811A4-9003-45CA-A2E2-59AF6DE35A9A} = {F03B3811-CF1B-4592-A08C-4A4B9E0F5CFE}
		{FD52DAE7-00AC-49D3-A858-C2983282FD48} = {F03B3811-CF1B-4592-A08C-4A4B9E0F5CFE}
		{76658379-3AC3-48E4-A140-32BDC18C87C4} = {F03B3811-CF1B-4592-A08C-4A4B9E0F5CFE}
	EndGlobalSection
	GlobalSection(ExtensibilityGlobals) = postSolution
		SolutionGuid = {D473A2A1-DF74-4223-994F-EC37BD5A1F1E}
	EndGlobalSection
EndGlobal
